// !$*UTF8*$!
{
	archiveVersion = 1;
	classes = {
	};
	objectVersion = 46;
	objects = {

/* Begin PBXBuildFile section */
		101F9DBF1D6C971400B75D4D /* AppDelegate.swift in Sources */ = {isa = PBXBuildFile; fileRef = 101F9DBE1D6C971400B75D4D /* AppDelegate.swift */; };
		101F9DC11D6C971400B75D4D /* ViewController.swift in Sources */ = {isa = PBXBuildFile; fileRef = 101F9DC01D6C971400B75D4D /* ViewController.swift */; };
		101F9DC41D6C971400B75D4D /* Main.storyboard in Resources */ = {isa = PBXBuildFile; fileRef = 101F9DC21D6C971400B75D4D /* Main.storyboard */; };
		101F9DC71D6C971400B75D4D /* Ditto.xcdatamodeld in Sources */ = {isa = PBXBuildFile; fileRef = 101F9DC51D6C971400B75D4D /* Ditto.xcdatamodeld */; };
		101F9DC91D6C971400B75D4D /* Assets.xcassets in Resources */ = {isa = PBXBuildFile; fileRef = 101F9DC81D6C971400B75D4D /* Assets.xcassets */; };
		101F9DCC1D6C971400B75D4D /* LaunchScreen.storyboard in Resources */ = {isa = PBXBuildFile; fileRef = 101F9DCA1D6C971400B75D4D /* LaunchScreen.storyboard */; };
		101F9DD71D6C971400B75D4D /* DittoTests.swift in Sources */ = {isa = PBXBuildFile; fileRef = 101F9DD61D6C971400B75D4D /* DittoTests.swift */; };
		101F9DE21D6C971400B75D4D /* DittoUITests.swift in Sources */ = {isa = PBXBuildFile; fileRef = 101F9DE11D6C971400B75D4D /* DittoUITests.swift */; };
/* End PBXBuildFile section */

/* Begin PBXContainerItemProxy section */
		101F9DD31D6C971400B75D4D /* PBXContainerItemProxy */ = {
			isa = PBXContainerItemProxy;
			containerPortal = 101F9DB31D6C971400B75D4D /* Project object */;
			proxyType = 1;
			remoteGlobalIDString = 101F9DBA1D6C971400B75D4D;
			remoteInfo = Ditto;
		};
		101F9DDE1D6C971400B75D4D /* PBXContainerItemProxy */ = {
			isa = PBXContainerItemProxy;
			containerPortal = 101F9DB31D6C971400B75D4D /* Project object */;
			proxyType = 1;
			remoteGlobalIDString = 101F9DBA1D6C971400B75D4D;
			remoteInfo = Ditto;
		};
/* End PBXContainerItemProxy section */

/* Begin PBXFileReference section */
		101F9DBB1D6C971400B75D4D /* Ditto.app */ = {isa = PBXFileReference; explicitFileType = wrapper.application; includeInIndex = 0; path = Ditto.app; sourceTree = BUILT_PRODUCTS_DIR; };
		101F9DBE1D6C971400B75D4D /* AppDelegate.swift */ = {isa = PBXFileReference; lastKnownFileType = sourcecode.swift; path = AppDelegate.swift; sourceTree = "<group>"; };
		101F9DC01D6C971400B75D4D /* ViewController.swift */ = {isa = PBXFileReference; lastKnownFileType = sourcecode.swift; path = ViewController.swift; sourceTree = "<group>"; };
		101F9DC31D6C971400B75D4D /* Base */ = {isa = PBXFileReference; lastKnownFileType = file.storyboard; name = Base; path = Base.lproj/Main.storyboard; sourceTree = "<group>"; };
		101F9DC61D6C971400B75D4D /* Ditto.xcdatamodel */ = {isa = PBXFileReference; lastKnownFileType = wrapper.xcdatamodel; path = Ditto.xcdatamodel; sourceTree = "<group>"; };
		101F9DC81D6C971400B75D4D /* Assets.xcassets */ = {isa = PBXFileReference; lastKnownFileType = folder.assetcatalog; path = Assets.xcassets; sourceTree = "<group>"; };
		101F9DCB1D6C971400B75D4D /* Base */ = {isa = PBXFileReference; lastKnownFileType = file.storyboard; name = Base; path = Base.lproj/LaunchScreen.storyboard; sourceTree = "<group>"; };
		101F9DCD1D6C971400B75D4D /* Info.plist */ = {isa = PBXFileReference; lastKnownFileType = text.plist.xml; path = Info.plist; sourceTree = "<group>"; };
		101F9DD21D6C971400B75D4D /* DittoTests.xctest */ = {isa = PBXFileReference; explicitFileType = wrapper.cfbundle; includeInIndex = 0; path = DittoTests.xctest; sourceTree = BUILT_PRODUCTS_DIR; };
		101F9DD61D6C971400B75D4D /* DittoTests.swift */ = {isa = PBXFileReference; lastKnownFileType = sourcecode.swift; path = DittoTests.swift; sourceTree = "<group>"; };
		101F9DD81D6C971400B75D4D /* Info.plist */ = {isa = PBXFileReference; lastKnownFileType = text.plist.xml; path = Info.plist; sourceTree = "<group>"; };
		101F9DDD1D6C971400B75D4D /* DittoUITests.xctest */ = {isa = PBXFileReference; explicitFileType = wrapper.cfbundle; includeInIndex = 0; path = DittoUITests.xctest; sourceTree = BUILT_PRODUCTS_DIR; };
		101F9DE11D6C971400B75D4D /* DittoUITests.swift */ = {isa = PBXFileReference; lastKnownFileType = sourcecode.swift; path = DittoUITests.swift; sourceTree = "<group>"; };
		101F9DE31D6C971400B75D4D /* Info.plist */ = {isa = PBXFileReference; lastKnownFileType = text.plist.xml; path = Info.plist; sourceTree = "<group>"; };
/* End PBXFileReference section */

/* Begin PBXFrameworksBuildPhase section */
		101F9DB81D6C971400B75D4D /* Frameworks */ = {
			isa = PBXFrameworksBuildPhase;
			buildActionMask = 2147483647;
			files = (
			);
			runOnlyForDeploymentPostprocessing = 0;
		};
		101F9DCF1D6C971400B75D4D /* Frameworks */ = {
			isa = PBXFrameworksBuildPhase;
			buildActionMask = 2147483647;
			files = (
			);
			runOnlyForDeploymentPostprocessing = 0;
		};
		101F9DDA1D6C971400B75D4D /* Frameworks */ = {
			isa = PBXFrameworksBuildPhase;
			buildActionMask = 2147483647;
			files = (
			);
			runOnlyForDeploymentPostprocessing = 0;
		};
/* End PBXFrameworksBuildPhase section */

/* Begin PBXGroup section */
		101F9DB21D6C971400B75D4D = {
			isa = PBXGroup;
			children = (
				101F9DBD1D6C971400B75D4D /* Ditto */,
				101F9DD51D6C971400B75D4D /* DittoTests */,
				101F9DE01D6C971400B75D4D /* DittoUITests */,
				101F9DBC1D6C971400B75D4D /* Products */,
			);
			sourceTree = "<group>";
		};
		101F9DBC1D6C971400B75D4D /* Products */ = {
			isa = PBXGroup;
			children = (
				101F9DBB1D6C971400B75D4D /* Ditto.app */,
				101F9DD21D6C971400B75D4D /* DittoTests.xctest */,
				101F9DDD1D6C971400B75D4D /* DittoUITests.xctest */,
			);
			name = Products;
			sourceTree = "<group>";
		};
		101F9DBD1D6C971400B75D4D /* Ditto */ = {
			isa = PBXGroup;
			children = (
				101F9DBE1D6C971400B75D4D /* AppDelegate.swift */,
				101F9DC01D6C971400B75D4D /* ViewController.swift */,
				101F9DC21D6C971400B75D4D /* Main.storyboard */,
				101F9DC81D6C971400B75D4D /* Assets.xcassets */,
				101F9DCA1D6C971400B75D4D /* LaunchScreen.storyboard */,
				101F9DCD1D6C971400B75D4D /* Info.plist */,
				101F9DC51D6C971400B75D4D /* Ditto.xcdatamodeld */,
			);
			path = Ditto;
			sourceTree = "<group>";
		};
		101F9DD51D6C971400B75D4D /* DittoTests */ = {
			isa = PBXGroup;
			children = (
				101F9DD61D6C971400B75D4D /* DittoTests.swift */,
				101F9DD81D6C971400B75D4D /* Info.plist */,
			);
			path = DittoTests;
			sourceTree = "<group>";
		};
		101F9DE01D6C971400B75D4D /* DittoUITests */ = {
			isa = PBXGroup;
			children = (
				101F9DE11D6C971400B75D4D /* DittoUITests.swift */,
				101F9DE31D6C971400B75D4D /* Info.plist */,
			);
			path = DittoUITests;
			sourceTree = "<group>";
		};
/* End PBXGroup section */

/* Begin PBXNativeTarget section */
		101F9DBA1D6C971400B75D4D /* Ditto */ = {
			isa = PBXNativeTarget;
			buildConfigurationList = 101F9DE61D6C971400B75D4D /* Build configuration list for PBXNativeTarget "Ditto" */;
			buildPhases = (
				101F9DB71D6C971400B75D4D /* Sources */,
				101F9DB81D6C971400B75D4D /* Frameworks */,
				101F9DB91D6C971400B75D4D /* Resources */,
			);
			buildRules = (
			);
			dependencies = (
			);
			name = Ditto;
			productName = Ditto;
			productReference = 101F9DBB1D6C971400B75D4D /* Ditto.app */;
			productType = "com.apple.product-type.application";
		};
		101F9DD11D6C971400B75D4D /* DittoTests */ = {
			isa = PBXNativeTarget;
			buildConfigurationList = 101F9DE91D6C971400B75D4D /* Build configuration list for PBXNativeTarget "DittoTests" */;
			buildPhases = (
				101F9DCE1D6C971400B75D4D /* Sources */,
				101F9DCF1D6C971400B75D4D /* Frameworks */,
				101F9DD01D6C971400B75D4D /* Resources */,
			);
			buildRules = (
			);
			dependencies = (
				101F9DD41D6C971400B75D4D /* PBXTargetDependency */,
			);
			name = DittoTests;
			productName = DittoTests;
			productReference = 101F9DD21D6C971400B75D4D /* DittoTests.xctest */;
			productType = "com.apple.product-type.bundle.unit-test";
		};
		101F9DDC1D6C971400B75D4D /* DittoUITests */ = {
			isa = PBXNativeTarget;
			buildConfigurationList = 101F9DEC1D6C971400B75D4D /* Build configuration list for PBXNativeTarget "DittoUITests" */;
			buildPhases = (
				101F9DD91D6C971400B75D4D /* Sources */,
				101F9DDA1D6C971400B75D4D /* Frameworks */,
				101F9DDB1D6C971400B75D4D /* Resources */,
			);
			buildRules = (
			);
			dependencies = (
				101F9DDF1D6C971400B75D4D /* PBXTargetDependency */,
			);
			name = DittoUITests;
			productName = DittoUITests;
			productReference = 101F9DDD1D6C971400B75D4D /* DittoUITests.xctest */;
			productType = "com.apple.product-type.bundle.ui-testing";
		};
/* End PBXNativeTarget section */

/* Begin PBXProject section */
		101F9DB31D6C971400B75D4D /* Project object */ = {
			isa = PBXProject;
			attributes = {
				LastSwiftUpdateCheck = 0730;
				LastUpgradeCheck = 0730;
				ORGANIZATIONNAME = Xision;
				TargetAttributes = {
					101F9DBA1D6C971400B75D4D = {
						CreatedOnToolsVersion = 7.3.1;
					};
					101F9DD11D6C971400B75D4D = {
						CreatedOnToolsVersion = 7.3.1;
						TestTargetID = 101F9DBA1D6C971400B75D4D;
					};
					101F9DDC1D6C971400B75D4D = {
						CreatedOnToolsVersion = 7.3.1;
						TestTargetID = 101F9DBA1D6C971400B75D4D;
					};
				};
			};
			buildConfigurationList = 101F9DB61D6C971400B75D4D /* Build configuration list for PBXProject "Ditto" */;
			compatibilityVersion = "Xcode 3.2";
			developmentRegion = English;
			hasScannedForEncodings = 0;
			knownRegions = (
				en,
				Base,
			);
			mainGroup = 101F9DB21D6C971400B75D4D;
			productRefGroup = 101F9DBC1D6C971400B75D4D /* Products */;
			projectDirPath = "";
			projectRoot = "";
			targets = (
				101F9DBA1D6C971400B75D4D /* Ditto */,
				101F9DD11D6C971400B75D4D /* DittoTests */,
				101F9DDC1D6C971400B75D4D /* DittoUITests */,
			);
		};
/* End PBXProject section */

/* Begin PBXResourcesBuildPhase section */
		101F9DB91D6C971400B75D4D /* Resources */ = {
			isa = PBXResourcesBuildPhase;
			buildActionMask = 2147483647;
			files = (
				101F9DCC1D6C971400B75D4D /* LaunchScreen.storyboard in Resources */,
				101F9DC91D6C971400B75D4D /* Assets.xcassets in Resources */,
				101F9DC41D6C971400B75D4D /* Main.storyboard in Resources */,
			);
			runOnlyForDeploymentPostprocessing = 0;
		};
		101F9DD01D6C971400B75D4D /* Resources */ = {
			isa = PBXResourcesBuildPhase;
			buildActionMask = 2147483647;
			files = (
			);
			runOnlyForDeploymentPostprocessing = 0;
		};
		101F9DDB1D6C971400B75D4D /* Resources */ = {
			isa = PBXResourcesBuildPhase;
			buildActionMask = 2147483647;
			files = (
			);
			runOnlyForDeploymentPostprocessing = 0;
		};
/* End PBXResourcesBuildPhase section */

/* Begin PBXSourcesBuildPhase section */
		101F9DB71D6C971400B75D4D /* Sources */ = {
			isa = PBXSourcesBuildPhase;
			buildActionMask = 2147483647;
			files = (
				101F9DC11D6C971400B75D4D /* ViewController.swift in Sources */,
				101F9DBF1D6C971400B75D4D /* AppDelegate.swift in Sources */,
				101F9DC71D6C971400B75D4D /* Ditto.xcdatamodeld in Sources */,
			);
			runOnlyForDeploymentPostprocessing = 0;
		};
		101F9DCE1D6C971400B75D4D /* Sources */ = {
			isa = PBXSourcesBuildPhase;
			buildActionMask = 2147483647;
			files = (
				101F9DD71D6C971400B75D4D /* DittoTests.swift in Sources */,
			);
			runOnlyForDeploymentPostprocessing = 0;
		};
		101F9DD91D6C971400B75D4D /* Sources */ = {
			isa = PBXSourcesBuildPhase;
			buildActionMask = 2147483647;
			files = (
				101F9DE21D6C971400B75D4D /* DittoUITests.swift in Sources */,
			);
			runOnlyForDeploymentPostprocessing = 0;
		};
/* End PBXSourcesBuildPhase section */

/* Begin PBXTargetDependency section */
		101F9DD41D6C971400B75D4D /* PBXTargetDependency */ = {
			isa = PBXTargetDependency;
			target = 101F9DBA1D6C971400B75D4D /* Ditto */;
			targetProxy = 101F9DD31D6C971400B75D4D /* PBXContainerItemProxy */;
		};
		101F9DDF1D6C971400B75D4D /* PBXTargetDependency */ = {
			isa = PBXTargetDependency;
			target = 101F9DBA1D6C971400B75D4D /* Ditto */;
			targetProxy = 101F9DDE1D6C971400B75D4D /* PBXContainerItemProxy */;
		};
/* End PBXTargetDependency section */

/* Begin PBXVariantGroup section */
		101F9DC21D6C971400B75D4D /* Main.storyboard */ = {
			isa = PBXVariantGroup;
			children = (
				101F9DC31D6C971400B75D4D /* Base */,
			);
			name = Main.storyboard;
			sourceTree = "<group>";
		};
		101F9DCA1D6C971400B75D4D /* LaunchScreen.storyboard */ = {
			isa = PBXVariantGroup;
			children = (
				101F9DCB1D6C971400B75D4D /* Base */,
			);
			name = LaunchScreen.storyboard;
			sourceTree = "<group>";
		};
/* End PBXVariantGroup section */

/* Begin XCBuildConfiguration section */
		101F9DE41D6C971400B75D4D /* Debug */ = {
			isa = XCBuildConfiguration;
			buildSettings = {
				ALWAYS_SEARCH_USER_PATHS = NO;
				CLANG_ANALYZER_NONNULL = YES;
				CLANG_CXX_LANGUAGE_STANDARD = "gnu++0x";
				CLANG_CXX_LIBRARY = "libc++";
				CLANG_ENABLE_MODULES = YES;
				CLANG_ENABLE_OBJC_ARC = YES;
				CLANG_WARN_BOOL_CONVERSION = YES;
				CLANG_WARN_CONSTANT_CONVERSION = YES;
				CLANG_WARN_DIRECT_OBJC_ISA_USAGE = YES_ERROR;
				CLANG_WARN_EMPTY_BODY = YES;
				CLANG_WARN_ENUM_CONVERSION = YES;
				CLANG_WARN_INT_CONVERSION = YES;
				CLANG_WARN_OBJC_ROOT_CLASS = YES_ERROR;
				CLANG_WARN_UNREACHABLE_CODE = YES;
				CLANG_WARN__DUPLICATE_METHOD_MATCH = YES;
				"CODE_SIGN_IDENTITY[sdk=iphoneos*]" = "iPhone Developer";
				COPY_PHASE_STRIP = NO;
				DEBUG_INFORMATION_FORMAT = dwarf;
				ENABLE_STRICT_OBJC_MSGSEND = YES;
				ENABLE_TESTABILITY = YES;
				GCC_C_LANGUAGE_STANDARD = gnu99;
				GCC_DYNAMIC_NO_PIC = NO;
				GCC_NO_COMMON_BLOCKS = YES;
				GCC_OPTIMIZATION_LEVEL = 0;
				GCC_PREPROCESSOR_DEFINITIONS = (
					"DEBUG=1",
					"$(inherited)",
				);
				GCC_WARN_64_TO_32_BIT_CONVERSION = YES;
				GCC_WARN_ABOUT_RETURN_TYPE = YES_ERROR;
				GCC_WARN_UNDECLARED_SELECTOR = YES;
				GCC_WARN_UNINITIALIZED_AUTOS = YES_AGGRESSIVE;
				GCC_WARN_UNUSED_FUNCTION = YES;
				GCC_WARN_UNUSED_VARIABLE = YES;
				IPHONEOS_DEPLOYMENT_TARGET = 9.3;
				MTL_ENABLE_DEBUG_INFO = YES;
				ONLY_ACTIVE_ARCH = YES;
				SDKROOT = iphoneos;
				SWIFT_OPTIMIZATION_LEVEL = "-Onone";
			};
			name = Debug;
		};
		101F9DE51D6C971400B75D4D /* Release */ = {
			isa = XCBuildConfiguration;
			buildSettings = {
				ALWAYS_SEARCH_USER_PATHS = NO;
				CLANG_ANALYZER_NONNULL = YES;
				CLANG_CXX_LANGUAGE_STANDARD = "gnu++0x";
				CLANG_CXX_LIBRARY = "libc++";
				CLANG_ENABLE_MODULES = YES;
				CLANG_ENABLE_OBJC_ARC = YES;
				CLANG_WARN_BOOL_CONVERSION = YES;
				CLANG_WARN_CONSTANT_CONVERSION = YES;
				CLANG_WARN_DIRECT_OBJC_ISA_USAGE = YES_ERROR;
				CLANG_WARN_EMPTY_BODY = YES;
				CLANG_WARN_ENUM_CONVERSION = YES;
				CLANG_WARN_INT_CONVERSION = YES;
				CLANG_WARN_OBJC_ROOT_CLASS = YES_ERROR;
				CLANG_WARN_UNREACHABLE_CODE = YES;
				CLANG_WARN__DUPLICATE_METHOD_MATCH = YES;
				"CODE_SIGN_IDENTITY[sdk=iphoneos*]" = "iPhone Developer";
				COPY_PHASE_STRIP = NO;
				DEBUG_INFORMATION_FORMAT = "dwarf-with-dsym";
				ENABLE_NS_ASSERTIONS = NO;
				ENABLE_STRICT_OBJC_MSGSEND = YES;
				GCC_C_LANGUAGE_STANDARD = gnu99;
				GCC_NO_COMMON_BLOCKS = YES;
				GCC_WARN_64_TO_32_BIT_CONVERSION = YES;
				GCC_WARN_ABOUT_RETURN_TYPE = YES_ERROR;
				GCC_WARN_UNDECLARED_SELECTOR = YES;
				GCC_WARN_UNINITIALIZED_AUTOS = YES_AGGRESSIVE;
				GCC_WARN_UNUSED_FUNCTION = YES;
				GCC_WARN_UNUSED_VARIABLE = YES;
				IPHONEOS_DEPLOYMENT_TARGET = 9.3;
				MTL_ENABLE_DEBUG_INFO = NO;
				SDKROOT = iphoneos;
				VALIDATE_PRODUCT = YES;
			};
			name = Release;
		};
		101F9DE71D6C971400B75D4D /* Debug */ = {
			isa = XCBuildConfiguration;
			buildSettings = {
				ASSETCATALOG_COMPILER_APPICON_NAME = AppIcon;
				INFOPLIST_FILE = Ditto/Info.plist;
				LD_RUNPATH_SEARCH_PATHS = "$(inherited) @executable_path/Frameworks";
				PRODUCT_BUNDLE_IDENTIFIER = XisionStudios.Ditto;
				PRODUCT_NAME = "$(TARGET_NAME)";
			};
			name = Debug;
		};
		101F9DE81D6C971400B75D4D /* Release */ = {
			isa = XCBuildConfiguration;
			buildSettings = {
				ASSETCATALOG_COMPILER_APPICON_NAME = AppIcon;
				INFOPLIST_FILE = Ditto/Info.plist;
				LD_RUNPATH_SEARCH_PATHS = "$(inherited) @executable_path/Frameworks";
				PRODUCT_BUNDLE_IDENTIFIER = XisionStudios.Ditto;
				PRODUCT_NAME = "$(TARGET_NAME)";
			};
			name = Release;
		};
		101F9DEA1D6C971400B75D4D /* Debug */ = {
			isa = XCBuildConfiguration;
			buildSettings = {
				BUNDLE_LOADER = "$(TEST_HOST)";
				INFOPLIST_FILE = DittoTests/Info.plist;
				LD_RUNPATH_SEARCH_PATHS = "$(inherited) @executable_path/Frameworks @loader_path/Frameworks";
				PRODUCT_BUNDLE_IDENTIFIER = XisionStudios.DittoTests;
				PRODUCT_NAME = "$(TARGET_NAME)";
				TEST_HOST = "$(BUILT_PRODUCTS_DIR)/Ditto.app/Ditto";
			};
			name = Debug;
		};
		101F9DEB1D6C971400B75D4D /* Release */ = {
			isa = XCBuildConfiguration;
			buildSettings = {
				BUNDLE_LOADER = "$(TEST_HOST)";
				INFOPLIST_FILE = DittoTests/Info.plist;
				LD_RUNPATH_SEARCH_PATHS = "$(inherited) @executable_path/Frameworks @loader_path/Frameworks";
				PRODUCT_BUNDLE_IDENTIFIER = XisionStudios.DittoTests;
				PRODUCT_NAME = "$(TARGET_NAME)";
				TEST_HOST = "$(BUILT_PRODUCTS_DIR)/Ditto.app/Ditto";
			};
			name = Release;
		};
		101F9DED1D6C971400B75D4D /* Debug */ = {
			isa = XCBuildConfiguration;
			buildSettings = {
				INFOPLIST_FILE = DittoUITests/Info.plist;
				LD_RUNPATH_SEARCH_PATHS = "$(inherited) @executable_path/Frameworks @loader_path/Frameworks";
				PRODUCT_BUNDLE_IDENTIFIER = XisionStudios.DittoUITests;
				PRODUCT_NAME = "$(TARGET_NAME)";
				TEST_TARGET_NAME = Ditto;
			};
			name = Debug;
		};
		101F9DEE1D6C971400B75D4D /* Release */ = {
			isa = XCBuildConfiguration;
			buildSettings = {
				INFOPLIST_FILE = DittoUITests/Info.plist;
				LD_RUNPATH_SEARCH_PATHS = "$(inherited) @executable_path/Frameworks @loader_path/Frameworks";
				PRODUCT_BUNDLE_IDENTIFIER = XisionStudios.DittoUITests;
				PRODUCT_NAME = "$(TARGET_NAME)";
				TEST_TARGET_NAME = Ditto;
			};
			name = Release;
		};
/* End XCBuildConfiguration section */

/* Begin XCConfigurationList section */
		101F9DB61D6C971400B75D4D /* Build configuration list for PBXProject "Ditto" */ = {
			isa = XCConfigurationList;
			buildConfigurations = (
				101F9DE41D6C971400B75D4D /* Debug */,
				101F9DE51D6C971400B75D4D /* Release */,
			);
			defaultConfigurationIsVisible = 0;
			defaultConfigurationName = Release;
		};
		101F9DE61D6C971400B75D4D /* Build configuration list for PBXNativeTarget "Ditto" */ = {
			isa = XCConfigurationList;
			buildConfigurations = (
				101F9DE71D6C971400B75D4D /* Debug */,
				101F9DE81D6C971400B75D4D /* Release */,
			);
			defaultConfigurationIsVisible = 0;
		};
		101F9DE91D6C971400B75D4D /* Build configuration list for PBXNativeTarget "DittoTests" */ = {
			isa = XCConfigurationList;
			buildConfigurations = (
				101F9DEA1D6C971400B75D4D /* Debug */,
				101F9DEB1D6C971400B75D4D /* Release */,
			);
			defaultConfigurationIsVisible = 0;
		};
		101F9DEC1D6C971400B75D4D /* Build configuration list for PBXNativeTarget "DittoUITests" */ = {
			isa = XCConfigurationList;
			buildConfigurations = (
				101F9DED1D6C971400B75D4D /* Debug */,
				101F9DEE1D6C971400B75D4D /* Release */,
			);
			defaultConfigurationIsVisible = 0;
		};
/* End XCConfigurationList section */

/* Begin XCVersionGroup section */
		101F9DC51D6C971400B75D4D /* Ditto.xcdatamodeld */ = {
			isa = XCVersionGroup;
			children = (
				101F9DC61D6C971400B75D4D /* Ditto.xcdatamodel */,
			);
			currentVersion = 101F9DC61D6C971400B75D4D /* Ditto.xcdatamodel */;
			path = Ditto.xcdatamodeld;
			sourceTree = "<group>";
			versionGroupType = wrapper.xcdatamodel;
		};
/* End XCVersionGroup section */
	};
	rootObject = 101F9DB31D6C971400B75D4D /* Project object */;
}
